
Microsoft Visual Studio Solution File, Format Version 12.00
# Visual Studio Version 17
VisualStudioVersion = 17.5.33516.290
MinimumVisualStudioVersion = 10.0.40219.1
Project("{FAE04EC0-301F-11D3-BF4B-00C04F79EFBC}") = "Tiktok Guess My Number Game", "Tiktok Guess My Number Game\Tiktok Guess My Number Game.csproj", "{0C823761-A7FF-417D-BC13-10F62AA9774A}"
EndProject
Global
	GlobalSection(SolutionConfigurationPlatforms) = preSolution
		Debug|Any CPU = Debug|Any CPU
		Release|Any CPU = Release|Any CPU
	EndGlobalSection
	GlobalSection(ProjectConfigurationPlatforms) = postSolution
		{0C823761-A7FF-417D-BC13-10F62AA9774A}.Debug|Any CPU.ActiveCfg = Debug|Any CPU
		{0C823761-A7FF-417D-BC13-10F62AA9774A}.Debug|Any CPU.Build.0 = Debug|Any CPU
		{0C823761-A7FF-417D-BC13-10F62AA9774A}.Release|Any CPU.ActiveCfg = Release|Any CPU
		{0C823761-A7FF-417D-BC13-10F62AA9774A}.Release|Any CPU.Build.0 = Release|Any CPU
	EndGlobalSection
	GlobalSection(SolutionProperties) = preSolution
		HideSolutionNode = FALSE
	EndGlobalSection
	GlobalSection(ExtensibilityGlobals) = postSolution
		SolutionGuid = {53B47FB3-7478-4830-8BD4-14B194A5F460}
	EndGlobalSection
EndGlobal
